
Microsoft Visual Studio Solution File, Format Version 12.00
# Visual Studio Version 16
VisualStudioVersion = 16.0.31624.102
MinimumVisualStudioVersion = 10.0.40219.1
Project("{FAE04EC0-301F-11D3-BF4B-00C04F79EFBC}") = "Injection_de_dependances", "Injection_de_dependances.csproj", "{23028DDB-0252-4FB4-A566-40483659277E}"
EndProject
Global
	GlobalSection(SolutionConfigurationPlatforms) = preSolution
		Debug|Any CPU = Debug|Any CPU
		Release|Any CPU = Release|Any CPU
	EndGlobalSection
	GlobalSection(ProjectConfigurationPlatforms) = postSolution
		{23028DDB-0252-4FB4-A566-40483659277E}.Debug|Any CPU.ActiveCfg = Debug|Any CPU
		{23028DDB-0252-4FB4-A566-40483659277E}.Debug|Any CPU.Build.0 = Debug|Any CPU
		{23028DDB-0252-4FB4-A566-40483659277E}.Release|Any CPU.ActiveCfg = Release|Any CPU
		{23028DDB-0252-4FB4-A566-40483659277E}.Release|Any CPU.Build.0 = Release|Any CPU
	EndGlobalSection
	GlobalSection(SolutionProperties) = preSolution
		HideSolutionNode = FALSE
	EndGlobalSection
	GlobalSection(ExtensibilityGlobals) = postSolution
		SolutionGuid = {78425560-5F29-4965-AF57-7546CECD49BD}
	EndGlobalSection
EndGlobal
